
Microsoft Visual Studio Solution File, Format Version 12.00
# Visual Studio Version 17
VisualStudioVersion = 17.0.32014.148
MinimumVisualStudioVersion = 10.0.40219.1
Project("{FAE04EC0-301F-11D3-BF4B-00C04F79EFBC}") = "ContentLibrary.UWP", "ContentLibrary\ContentLibrary.UWP\ContentLibrary.UWP.csproj", "{31699D2E-9410-4A52-9FB3-4C258AE4EFD2}"
EndProject
Project("{FAE04EC0-301F-11D3-BF4B-00C04F79EFBC}") = "ContentLibrary", "ContentLibrary\ContentLibrary\ContentLibrary.csproj", "{DABB7294-AB2D-438B-92C8-7D4E4F208B95}"
EndProject
Global
	GlobalSection(SolutionConfigurationPlatforms) = preSolution
		Debug|Any CPU = Debug|Any CPU
		Debug|ARM = Debug|ARM
		Debug|x64 = Debug|x64
		Debug|x86 = Debug|x86
		Release|Any CPU = Release|Any CPU
		Release|ARM = Release|ARM
		Release|x64 = Release|x64
		Release|x86 = Release|x86
	EndGlobalSection
	GlobalSection(ProjectConfigurationPlatforms) = postSolution
		{31699D2E-9410-4A52-9FB3-4C258AE4EFD2}.Debug|Any CPU.ActiveCfg = Debug|x64
		{31699D2E-9410-4A52-9FB3-4C258AE4EFD2}.Debug|Any CPU.Build.0 = Debug|x64
		{31699D2E-9410-4A52-9FB3-4C258AE4EFD2}.Debug|Any CPU.Deploy.0 = Debug|x64
		{31699D2E-9410-4A52-9FB3-4C258AE4EFD2}.Debug|ARM.ActiveCfg = Debug|ARM
		{31699D2E-9410-4A52-9FB3-4C258AE4EFD2}.Debug|ARM.Build.0 = Debug|ARM
		{31699D2E-9410-4A52-9FB3-4C258AE4EFD2}.Debug|ARM.Deploy.0 = Debug|ARM
		{31699D2E-9410-4A52-9FB3-4C258AE4EFD2}.Debug|x64.ActiveCfg = Debug|x64
		{31699D2E-9410-4A52-9FB3-4C258AE4EFD2}.Debug|x64.Build.0 = Debug|x64
		{31699D2E-9410-4A52-9FB3-4C258AE4EFD2}.Debug|x64.Deploy.0 = Debug|x64
		{31699D2E-9410-4A52-9FB3-4C258AE4EFD2}.Debug|x86.ActiveCfg = Debug|x86
		{31699D2E-9410-4A52-9FB3-4C258AE4EFD2}.Debug|x86.Build.0 = Debug|x86
		{31699D2E-9410-4A52-9FB3-4C258AE4EFD2}.Debug|x86.Deploy.0 = Debug|x86
		{31699D2E-9410-4A52-9FB3-4C258AE4EFD2}.Release|Any CPU.ActiveCfg = Release|x64
		{31699D2E-9410-4A52-9FB3-4C258AE4EFD2}.Release|Any CPU.Build.0 = Release|x64
		{31699D2E-9410-4A52-9FB3-4C258AE4EFD2}.Release|Any CPU.Deploy.0 = Release|x64
		{31699D2E-9410-4A52-9FB3-4C258AE4EFD2}.Release|ARM.ActiveCfg = Release|ARM
		{31699D2E-9410-4A52-9FB3-4C258AE4EFD2}.Release|ARM.Build.0 = Release|ARM
		{31699D2E-9410-4A52-9FB3-4C258AE4EFD2}.Release|ARM.Deploy.0 = Release|ARM
		{31699D2E-9410-4A52-9FB3-4C258AE4EFD2}.Release|x64.ActiveCfg = Release|x64
		{31699D2E-9410-4A52-9FB3-4C258AE4EFD2}.Release|x64.Build.0 = Release|x64
		{31699D2E-9410-4A52-9FB3-4C258AE4EFD2}.Release|x64.Deploy.0 = Release|x64
		{31699D2E-9410-4A52-9FB3-4C258AE4EFD2}.Release|x86.ActiveCfg = Release|x86
		{31699D2E-9410-4A52-9FB3-4C258AE4EFD2}.Release|x86.Build.0 = Release|x86
		{31699D2E-9410-4A52-9FB3-4C258AE4EFD2}.Release|x86.Deploy.0 = Release|x86
		{DABB7294-AB2D-438B-92C8-7D4E4F208B95}.Debug|Any CPU.ActiveCfg = Debug|Any CPU
		{DABB7294-AB2D-438B-92C8-7D4E4F208B95}.Debug|Any CPU.Build.0 = Debug|Any CPU
		{DABB7294-AB2D-438B-92C8-7D4E4F208B95}.Debug|Any CPU.Deploy.0 = Debug|Any CPU
		{DABB7294-AB2D-438B-92C8-7D4E4F208B95}.Debug|ARM.ActiveCfg = Debug|Any CPU
		{DABB7294-AB2D-438B-92C8-7D4E4F208B95}.Debug|ARM.Build.0 = Debug|Any CPU
		{DABB7294-AB2D-438B-92C8-7D4E4F208B95}.Debug|ARM.Deploy.0 = Debug|Any CPU
		{DABB7294-AB2D-438B-92C8-7D4E4F208B95}.Debug|x64.ActiveCfg = Debug|Any CPU
		{DABB7294-AB2D-438B-92C8-7D4E4F208B95}.Debug|x64.Build.0 = Debug|Any CPU
		{DABB7294-AB2D-438B-92C8-7D4E4F208B95}.Debug|x64.Deploy.0 = Debug|Any CPU
		{DABB7294-AB2D-438B-92C8-7D4E4F208B95}.Debug|x86.ActiveCfg = Debug|Any CPU
		{DABB7294-AB2D-438B-92C8-7D4E4F208B95}.Debug|x86.Build.0 = Debug|Any CPU
		{DABB7294-AB2D-438B-92C8-7D4E4F208B95}.Debug|x86.Deploy.0 = Debug|Any CPU
		{DABB7294-AB2D-438B-92C8-7D4E4F208B95}.Release|Any CPU.ActiveCfg = Release|Any CPU
		{DABB7294-AB2D-438B-92C8-7D4E4F208B95}.Release|Any CPU.Build.0 = Release|Any CPU
		{DABB7294-AB2D-438B-92C8-7D4E4F208B95}.Release|Any CPU.Deploy.0 = Release|Any CPU
		{DABB7294-AB2D-438B-92C8-7D4E4F208B95}.Release|ARM.ActiveCfg = Release|Any CPU
		{DABB7294-AB2D-438B-92C8-7D4E4F208B95}.Release|ARM.Build.0 = Release|Any CPU
		{DABB7294-AB2D-438B-92C8-7D4E4F208B95}.Release|ARM.Deploy.0 = Release|Any CPU
		{DABB7294-AB2D-438B-92C8-7D4E4F208B95}.Release|x64.ActiveCfg = Release|Any CPU
		{DABB7294-AB2D-438B-92C8-7D4E4F208B95}.Release|x64.Build.0 = Release|Any CPU
		{DABB7294-AB2D-438B-92C8-7D4E4F208B95}.Release|x64.Deploy.0 = Release|Any CPU
		{DABB7294-AB2D-438B-92C8-7D4E4F208B95}.Release|x86.ActiveCfg = Release|Any CPU
		{DABB7294-AB2D-438B-92C8-7D4E4F208B95}.Release|x86.Build.0 = Release|Any CPU
		{DABB7294-AB2D-438B-92C8-7D4E4F208B95}.Release|x86.Deploy.0 = Release|Any CPU
	EndGlobalSection
	GlobalSection(SolutionProperties) = preSolution
		HideSolutionNode = FALSE
	EndGlobalSection
	GlobalSection(ExtensibilityGlobals) = postSolution
		SolutionGuid = {113588A0-1360-4592-A63E-3928FCF0ABF1}
	EndGlobalSection
EndGlobal
